{
  "object": {
    "pins": [
      {
        "package": "Syntax",
        "repositoryURL": "https://github.com/nerdsupremacist/Syntax.git",
        "state": {
          "branch": null,
          "revision": "d22c15727dda6e7150523cfc47cf5d0f81c85f7c",
          "version": "1.0.2"
        }
      },
      {
        "package": "SyntaxTree",
        "repositoryURL": "https://github.com/nerdsupremacist/SyntaxTree.git",
        "state": {
          "branch": null,
          "revision": "e05df57b9482e8122b99c59d6285c3e14ccb5b2b",
          "version": "0.1.0"
        }
      }
    ]
  },
  "version": 1
}
