{
  "pins" : [
    {
      "identity" : "syntax",
      "kind" : "remoteSourceControl",
      "location" : "https://github.com/nerdsupremacist/Syntax.git",
      "state" : {
        "revision" : "1b9c205813538fc09c0f5c778504fd3c49847557",
        "version" : "3.0.0"
      }
    },
    {
      "identity" : "syntaxtree",
      "kind" : "remoteSourceControl",
      "location" : "https://github.com/nerdsupremacist/SyntaxTree.git",
      "state" : {
        "revision" : "e05df57b9482e8122b99c59d6285c3e14ccb5b2b",
        "version" : "0.1.0"
      }
    }
  ],
  "version" : 2
}
